{
  "name": "exsignanalytics.web",
  "version": "1.0.0",
  "lockfileVersion": 3,
  "requires": true,
  "packages": {
    "": {
      "name": "exsignanalytics.web",
      "version": "1.0.0",
      "license": "ISC",
      "dependencies": {
        "tinymce": "^6.8.5"
      }
    },
    "node_modules/tinymce": {
      "version": "6.8.5",
      "resolved": "https://registry.npmjs.org/tinymce/-/tinymce-6.8.5.tgz",
      "integrity": "sha512-qAL/FxL7cwZHj4BfaF818zeJJizK9jU5IQzTcSLL4Rj5MaJdiVblEj7aDr80VCV1w9h4Lak9hlnALhq/kVtN1g==",
      "license": "MIT"
    }
  }
}
